{
    "_meta": {
        "hash": {
            "sha256": "4cef041dc401de7f3dca373535b2f9b01f00e92b464c04ddd8348ac123b46160"
        },
        "pipfile-spec": 6,
        "requires": {
            "python_version": "3"
        },
        "sources": [
            {
                "name": "pypi",
                "url": "https://pypi.org/simple",
                "verify_ssl": true
            }
        ]
    },
    "default": {
        "dotenv": {
            "hashes": [
                "sha256:29cf74a087b31dafdb5a446b6d7e11cbce8ed2741540e2339c69fbef92c94ce9"
            ],
            "index": "pypi",
            "version": "==0.9.9"
        },
        "python-dotenv": {
            "hashes": [
                "sha256:1d8214789a24de455a8b8bd8ae6fe3c6b69a5e3d64aa8a8e5d68e694bbcb285a",
                "sha256:2c371a91fbd7ba082c2c1dc1f8bf89ca22564a087c2c287cd9b662adde799cf3"
            ],
            "markers": "python_version >= '3.10'",
            "version": "==1.2.2"
        }
    },
    "develop": {}
}
